
Microsoft Visual Studio Solution File, Format Version 12.00
# Visual Studio 15
VisualStudioVersion = 15.0.34031.82
MinimumVisualStudioVersion = 10.0.40219.1
Project("{FAE04EC0-301F-11D3-BF4B-00C04F79EFBC}") = "WindowsFormsApp4", "WindowsFormsApp4\WindowsFormsApp4.csproj", "{B104167C-3AE5-4C08-A7D8-EA6089048A21}"
EndProject
Project("{FAE04EC0-301F-11D3-BF4B-00C04F79EFBC}") = "RI_OperatorCommands", "..\RI_OperatorCommands\RI_OperatorCommands\RI_OperatorCommands.csproj", "{D0F2A825-C224-4DC0-9935-8F92202024AA}"
EndProject
Global
	GlobalSection(SolutionConfigurationPlatforms) = preSolution
		Debug|Any CPU = Debug|Any CPU
		Release|Any CPU = Release|Any CPU
	EndGlobalSection
	GlobalSection(ProjectConfigurationPlatforms) = postSolution
		{B104167C-3AE5-4C08-A7D8-EA6089048A21}.Debug|Any CPU.ActiveCfg = Debug|Any CPU
		{B104167C-3AE5-4C08-A7D8-EA6089048A21}.Debug|Any CPU.Build.0 = Debug|Any CPU
		{B104167C-3AE5-4C08-A7D8-EA6089048A21}.Release|Any CPU.ActiveCfg = Release|Any CPU
		{B104167C-3AE5-4C08-A7D8-EA6089048A21}.Release|Any CPU.Build.0 = Release|Any CPU
		{D0F2A825-C224-4DC0-9935-8F92202024AA}.Debug|Any CPU.ActiveCfg = Debug|Any CPU
		{D0F2A825-C224-4DC0-9935-8F92202024AA}.Debug|Any CPU.Build.0 = Debug|Any CPU
		{D0F2A825-C224-4DC0-9935-8F92202024AA}.Release|Any CPU.ActiveCfg = Release|Any CPU
		{D0F2A825-C224-4DC0-9935-8F92202024AA}.Release|Any CPU.Build.0 = Release|Any CPU
	EndGlobalSection
	GlobalSection(SolutionProperties) = preSolution
		HideSolutionNode = FALSE
	EndGlobalSection
	GlobalSection(ExtensibilityGlobals) = postSolution
		SolutionGuid = {7D8FF079-D007-4ECB-BFD6-075F45C6B82F}
	EndGlobalSection
EndGlobal
